version: 1.0
shards:
  exception_page:
    github: crystal-loot/exception_page
    version: 0.1.4

  kemal:
    github: kemalcr/kemal
    version: 0.26.1

  kilt:
    github: jeromegn/kilt
    version: 0.4.0

  radix:
    github: luislavena/radix
    version: 0.3.9

  zeromq:
    github: crystal-community/zeromq-crystal
    commit: 2c5c1337791a142c4012efc8d516b9bc2388fb27

